
Microsoft Visual Studio Solution File, Format Version 12.00
# Visual Studio Version 17
VisualStudioVersion = 17.10.34928.147
MinimumVisualStudioVersion = 10.0.40219.1
Project("{FAE04EC0-301F-11D3-BF4B-00C04F79EFBC}") = "Calculator", "Calculator\Calculator.csproj", "{D1CDEA27-BABB-476A-9E6A-2D6D344E5BF7}"
EndProject
Project("{FAE04EC0-301F-11D3-BF4B-00C04F79EFBC}") = "Distance_between_two_points_in_the_plane", "Distance_between_two_points_in_the_plane\Distance_between_two_points_in_the_plane.csproj", "{D4DCA766-2963-4058-888C-CD25F99DA350}"
EndProject
Project("{FAE04EC0-301F-11D3-BF4B-00C04F79EFBC}") = "Quadratic_equation", "Quadratic_equation\Quadratic_equation.csproj", "{3FCC02FA-B6E4-4C5C-BE7B-12B9EFFE1A14}"
EndProject
Global
	GlobalSection(SolutionConfigurationPlatforms) = preSolution
		Debug|Any CPU = Debug|Any CPU
		Release|Any CPU = Release|Any CPU
	EndGlobalSection
	GlobalSection(ProjectConfigurationPlatforms) = postSolution
		{D1CDEA27-BABB-476A-9E6A-2D6D344E5BF7}.Debug|Any CPU.ActiveCfg = Debug|Any CPU
		{D1CDEA27-BABB-476A-9E6A-2D6D344E5BF7}.Debug|Any CPU.Build.0 = Debug|Any CPU
		{D1CDEA27-BABB-476A-9E6A-2D6D344E5BF7}.Release|Any CPU.ActiveCfg = Release|Any CPU
		{D1CDEA27-BABB-476A-9E6A-2D6D344E5BF7}.Release|Any CPU.Build.0 = Release|Any CPU
		{D4DCA766-2963-4058-888C-CD25F99DA350}.Debug|Any CPU.ActiveCfg = Debug|Any CPU
		{D4DCA766-2963-4058-888C-CD25F99DA350}.Debug|Any CPU.Build.0 = Debug|Any CPU
		{D4DCA766-2963-4058-888C-CD25F99DA350}.Release|Any CPU.ActiveCfg = Release|Any CPU
		{D4DCA766-2963-4058-888C-CD25F99DA350}.Release|Any CPU.Build.0 = Release|Any CPU
		{3FCC02FA-B6E4-4C5C-BE7B-12B9EFFE1A14}.Debug|Any CPU.ActiveCfg = Debug|Any CPU
		{3FCC02FA-B6E4-4C5C-BE7B-12B9EFFE1A14}.Debug|Any CPU.Build.0 = Debug|Any CPU
		{3FCC02FA-B6E4-4C5C-BE7B-12B9EFFE1A14}.Release|Any CPU.ActiveCfg = Release|Any CPU
		{3FCC02FA-B6E4-4C5C-BE7B-12B9EFFE1A14}.Release|Any CPU.Build.0 = Release|Any CPU
	EndGlobalSection
	GlobalSection(SolutionProperties) = preSolution
		HideSolutionNode = FALSE
	EndGlobalSection
	GlobalSection(ExtensibilityGlobals) = postSolution
		SolutionGuid = {D318034B-B755-434F-B381-99D715582338}
	EndGlobalSection
EndGlobal
